
Microsoft Visual Studio Solution File, Format Version 12.00
# Visual Studio Version 16
VisualStudioVersion = 16.0.29709.97
MinimumVisualStudioVersion = 10.0.40219.1
Project("{FAE04EC0-301F-11D3-BF4B-00C04F79EFBC}") = "Ponto flutuante", "Ponto flutuante\Ponto flutuante.csproj", "{0E51E956-5047-4D44-B6D0-85D58AE2F49F}"
EndProject
Global
	GlobalSection(SolutionConfigurationPlatforms) = preSolution
		Debug|Any CPU = Debug|Any CPU
		Release|Any CPU = Release|Any CPU
	EndGlobalSection
	GlobalSection(ProjectConfigurationPlatforms) = postSolution
		{0E51E956-5047-4D44-B6D0-85D58AE2F49F}.Debug|Any CPU.ActiveCfg = Debug|Any CPU
		{0E51E956-5047-4D44-B6D0-85D58AE2F49F}.Debug|Any CPU.Build.0 = Debug|Any CPU
		{0E51E956-5047-4D44-B6D0-85D58AE2F49F}.Release|Any CPU.ActiveCfg = Release|Any CPU
		{0E51E956-5047-4D44-B6D0-85D58AE2F49F}.Release|Any CPU.Build.0 = Release|Any CPU
	EndGlobalSection
	GlobalSection(SolutionProperties) = preSolution
		HideSolutionNode = FALSE
	EndGlobalSection
	GlobalSection(ExtensibilityGlobals) = postSolution
		SolutionGuid = {8578A2C9-2497-4C81-86FF-0F5C73C4CCFB}
	EndGlobalSection
EndGlobal
